
Microsoft Visual Studio Solution File, Format Version 12.00
Project("{FAE04EC0-301F-11D3-BF4B-00C04F79EFBC}") = "XML_Editor", "XML_Editor\XML_Editor.csproj", "{7A1F8894-731B-4F2C-BD0B-E2356B2BDF7B}"
EndProject
Project("{FAE04EC0-301F-11D3-BF4B-00C04F79EFBC}") = "XmlService", "XmlService\XmlService.csproj", "{C5A08419-19B4-4390-8D0D-630DDDE40602}"
EndProject
Global
	GlobalSection(SolutionConfigurationPlatforms) = preSolution
		Debug|Any CPU = Debug|Any CPU
		Release|Any CPU = Release|Any CPU
	EndGlobalSection
	GlobalSection(ProjectConfigurationPlatforms) = postSolution
		{7A1F8894-731B-4F2C-BD0B-E2356B2BDF7B}.Debug|Any CPU.ActiveCfg = Debug|Any CPU
		{7A1F8894-731B-4F2C-BD0B-E2356B2BDF7B}.Debug|Any CPU.Build.0 = Debug|Any CPU
		{7A1F8894-731B-4F2C-BD0B-E2356B2BDF7B}.Release|Any CPU.ActiveCfg = Release|Any CPU
		{7A1F8894-731B-4F2C-BD0B-E2356B2BDF7B}.Release|Any CPU.Build.0 = Release|Any CPU
		{C5A08419-19B4-4390-8D0D-630DDDE40602}.Debug|Any CPU.ActiveCfg = Debug|Any CPU
		{C5A08419-19B4-4390-8D0D-630DDDE40602}.Debug|Any CPU.Build.0 = Debug|Any CPU
		{C5A08419-19B4-4390-8D0D-630DDDE40602}.Release|Any CPU.ActiveCfg = Release|Any CPU
		{C5A08419-19B4-4390-8D0D-630DDDE40602}.Release|Any CPU.Build.0 = Release|Any CPU
	EndGlobalSection
EndGlobal
